<?xml version="1.0" encoding="utf-8"?>
<Project ToolsVersion="4.0" xmlns="http://schemas.microsoft.com/developer/msbuild/2003">
  <ItemGroup>
    <ClCompile Include="Render\Camera.cpp">
      <Filter>Render</Filter>
    </ClCompile>
    <ClCompile Include="Render\Render.cpp">
      <Filter>Render</Filter>
    </ClCompile>
    <ClCompile Include="RenderUtils.cpp" />
    <ClCompile Include="main.cpp" />
    <ClCompile Include="callbacks.cpp" />
    <ClCompile Include="Particle.cpp" />
    <ClCompile Include="Scene.cpp" />
    <ClCompile Include="Plane.cpp" />
    <ClCompile Include="ParticleSystem.cpp" />
    <ClCompile Include="UniformParticleGenerator.cpp" />
    <ClCompile Include="GaussianParticleGenerator.cpp" />
    <ClCompile Include="ParticleGenerator.cpp" />
    <ClCompile Include="NieveParticleGenerator.cpp" />
    <ClCompile Include="SpaceParticleGenerator.cpp" />
    <ClCompile Include="FireWorkParticleGenerator.cpp" />
    <ClCompile Include="Forces\GravityForceGenerator.cpp" />
    <ClCompile Include="Forces\ParticleDragGenerator.cpp" />
    <ClCompile Include="Forces\WindForceGenerator.cpp" />
    <ClCompile Include="Forces\TorbellinoForceGenerator.cpp" />
    <ClCompile Include="Forces\ExplosionForceGenerator.cpp" />
    <ClCompile Include="Forces\SpringForceGenerator.cpp" />
    <ClCompile Include="Forces\RuberbandForceGenerator.cpp" />
    <ClCompile Include="Forces\ForceRegistry.cpp" />
    <ClCompile Include="Forces\BuoyancyForceGenerator.cpp" />
    <ClCompile Include="Rigid\RigidParticleGenerator.cpp" />
    <ClCompile Include="Rigid\RigidTorbellinoFGenerator.cpp" />
    <ClCompile Include="Rigid\RigidForceRegistry.cpp" />
    <ClCompile Include="ProyectoFinal\GravityField.cpp" />
    <ClCompile Include="ProyectoFinal\PoolObjects.cpp" />
  </ItemGroup>
  <ItemGroup>
    <ClInclude Include="core.hpp" />
    <ClInclude Include="Render\Camera.h">
      <Filter>Render</Filter>
    </ClInclude>
    <ClInclude Include="Render\Render.h">
      <Filter>Render</Filter>
    </ClInclude>
    <ClInclude Include="RenderUtils.hpp" />
    <ClInclude Include="callbacks.hpp" />
    <ClInclude Include="Particle.h" />
    <ClInclude Include="Scene.h" />
    <ClInclude Include="Plane.h" />
    <ClInclude Include="ParticleSystem.h" />
    <ClInclude Include="ParticleGenerator.h" />
    <ClInclude Include="UniformParticleGenerator.h" />
    <ClInclude Include="GaussianParticleGenerator.h" />
    <ClInclude Include="NieveParticleGenerator.h" />
    <ClInclude Include="SpaceParticleGenerator.h" />
    <ClInclude Include="FireWorkParticleGenerator.h" />
    <ClInclude Include="Forces\ForceGenerator.h" />
    <ClInclude Include="Forces\GravityForceGenerator.h" />
    <ClInclude Include="Forces\ParticleDragGenerator.h" />
    <ClInclude Include="Forces\WindForceGenerator.h" />
    <ClInclude Include="Forces\TorbellinoForceGenerator.h" />
    <ClInclude Include="Forces\ExplosionForceGenerator.h" />
    <ClInclude Include="Forces\SpringForceGenerator.h" />
    <ClInclude Include="Forces\RuberbandForceGenerator.h" />
    <ClInclude Include="Forces\ForceRegistry.h" />
    <ClInclude Include="Forces\BuoyancyForceGenerator.h" />
    <ClInclude Include="Rigid\RigidParticleGenerator.h" />
    <ClInclude Include="Rigid\RigidTorbellinoFGenerator.h" />
    <ClInclude Include="Rigid\RigidForceRegistry.h" />
    <ClInclude Include="Rigid\RigidForceGenerator.h" />
    <ClInclude Include="ProyectoFinal\GravityField.h" />
    <ClInclude Include="ProyectoFinal\PoolObjects.h" />
    <ClInclude Include="resource.h" />
    <ClInclude Include="ProyectoFinal\RigidInfo.h" />
  </ItemGroup>
  <ItemGroup>
    <Filter Include="Render">
      <UniqueIdentifier>{d04b4f9f-5a69-465e-8070-25c6d0bcd3c2}</UniqueIdentifier>
    </Filter>
  </ItemGroup>
  <ItemGroup>
    <ResourceCompile Include="game.rc" />
  </ItemGroup>
</Project>